# This file is autogenerated, do not edit; changes may be undone by the next 'dep ensure'.


[[projects]]
  branch = "master"
  name = "github.com/cmckee-dev/go-alpha-vantage"
  packages = ["."]
  revision = "93e1d00e7e7c80e876492edbfc1a808c0b0af638"

[[projects]]
  name = "github.com/pkg/errors"
  packages = ["."]
  revision = "645ef00459ed84a119197bfb8d8205042c6df63d"
  version = "v0.8.0"

[solve-meta]
  analyzer-name = "dep"
  analyzer-version = 1
  inputs-digest = "c17ea2f3976d408e76eae4e1e70ff0f9260ce0e913698a3f3c4f9a2ce266069c"
  solver-name = "gps-cdcl"
  solver-version = 1
